
Microsoft Visual Studio Solution File, Format Version 12.00
# Visual Studio 15
VisualStudioVersion = 15.0.26730.12
MinimumVisualStudioVersion = 10.0.40219.1
Project("{FAE04EC0-301F-11D3-BF4B-00C04F79EFBC}") = "MS.Experiences.Web", "src\MS.Experiences.Web\MS.Experiences.Web.csproj", "{12482DCA-3280-4CC1-B386-FCBF97A7C88B}"
EndProject
Project("{FAE04EC0-301F-11D3-BF4B-00C04F79EFBC}") = "MS.Experiences.Weather", "src\MS.Experiences.Weather\MS.Experiences.Weather.csproj", "{13ACB4D1-2DFA-4165-B2C6-5084B7D6F59E}"
EndProject
Global
	GlobalSection(SolutionConfigurationPlatforms) = preSolution
		Debug|Any CPU = Debug|Any CPU
		Release|Any CPU = Release|Any CPU
	EndGlobalSection
	GlobalSection(ProjectConfigurationPlatforms) = postSolution
		{12482DCA-3280-4CC1-B386-FCBF97A7C88B}.Debug|Any CPU.ActiveCfg = Debug|Any CPU
		{12482DCA-3280-4CC1-B386-FCBF97A7C88B}.Debug|Any CPU.Build.0 = Debug|Any CPU
		{12482DCA-3280-4CC1-B386-FCBF97A7C88B}.Release|Any CPU.ActiveCfg = Release|Any CPU
		{12482DCA-3280-4CC1-B386-FCBF97A7C88B}.Release|Any CPU.Build.0 = Release|Any CPU
		{13ACB4D1-2DFA-4165-B2C6-5084B7D6F59E}.Debug|Any CPU.ActiveCfg = Debug|Any CPU
		{13ACB4D1-2DFA-4165-B2C6-5084B7D6F59E}.Debug|Any CPU.Build.0 = Debug|Any CPU
		{13ACB4D1-2DFA-4165-B2C6-5084B7D6F59E}.Release|Any CPU.ActiveCfg = Release|Any CPU
		{13ACB4D1-2DFA-4165-B2C6-5084B7D6F59E}.Release|Any CPU.Build.0 = Release|Any CPU
	EndGlobalSection
	GlobalSection(SolutionProperties) = preSolution
		HideSolutionNode = FALSE
	EndGlobalSection
	GlobalSection(ExtensibilityGlobals) = postSolution
		SolutionGuid = {772FA3BA-8E01-40B7-9BF9-3DCF60737858}
	EndGlobalSection
EndGlobal
